
Microsoft Visual Studio Solution File, Format Version 12.00
# Visual Studio 15
VisualStudioVersion = 15.0.27428.2043
MinimumVisualStudioVersion = 10.0.40219.1
Project("{FAE04EC0-301F-11D3-BF4B-00C04F79EFBC}") = "GlaxionLibraries", "GlaxionLibraries\GlaxionLibraries.csproj", "{54EFB305-6959-48D2-B833-5093CD390824}"
EndProject
Project("{FAE04EC0-301F-11D3-BF4B-00C04F79EFBC}") = "GlaxionMusic", "GlaxionMusic\GlaxionMusic.csproj", "{A60FF69E-E506-4FC2-A6CE-5891409B0EB7}"
EndProject
Project("{FAE04EC0-301F-11D3-BF4B-00C04F79EFBC}") = "MusicGUI", "MusicGUI\MusicGUI\MusicGUI.csproj", "{B0924FDC-D07C-402B-B29E-954594BFAC29}"
EndProject
Global
	GlobalSection(SolutionConfigurationPlatforms) = preSolution
		Debug|Any CPU = Debug|Any CPU
		Release|Any CPU = Release|Any CPU
	EndGlobalSection
	GlobalSection(ProjectConfigurationPlatforms) = postSolution
		{54EFB305-6959-48D2-B833-5093CD390824}.Debug|Any CPU.ActiveCfg = Debug|Any CPU
		{54EFB305-6959-48D2-B833-5093CD390824}.Debug|Any CPU.Build.0 = Debug|Any CPU
		{54EFB305-6959-48D2-B833-5093CD390824}.Release|Any CPU.ActiveCfg = Release|Any CPU
		{54EFB305-6959-48D2-B833-5093CD390824}.Release|Any CPU.Build.0 = Release|Any CPU
		{A60FF69E-E506-4FC2-A6CE-5891409B0EB7}.Debug|Any CPU.ActiveCfg = Debug|Any CPU
		{A60FF69E-E506-4FC2-A6CE-5891409B0EB7}.Debug|Any CPU.Build.0 = Debug|Any CPU
		{A60FF69E-E506-4FC2-A6CE-5891409B0EB7}.Release|Any CPU.ActiveCfg = Release|Any CPU
		{A60FF69E-E506-4FC2-A6CE-5891409B0EB7}.Release|Any CPU.Build.0 = Release|Any CPU
		{B0924FDC-D07C-402B-B29E-954594BFAC29}.Debug|Any CPU.ActiveCfg = Debug|Any CPU
		{B0924FDC-D07C-402B-B29E-954594BFAC29}.Debug|Any CPU.Build.0 = Debug|Any CPU
		{B0924FDC-D07C-402B-B29E-954594BFAC29}.Release|Any CPU.ActiveCfg = Release|Any CPU
		{B0924FDC-D07C-402B-B29E-954594BFAC29}.Release|Any CPU.Build.0 = Release|Any CPU
	EndGlobalSection
	GlobalSection(SolutionProperties) = preSolution
		HideSolutionNode = FALSE
	EndGlobalSection
	GlobalSection(ExtensibilityGlobals) = postSolution
		SolutionGuid = {C94F70F0-D056-4233-A863-A11B4255372A}
	EndGlobalSection
EndGlobal
